
Microsoft Visual Studio Solution File, Format Version 12.00
# Visual Studio Version 17
VisualStudioVersion = 17.6.33723.286
MinimumVisualStudioVersion = 10.0.40219.1
Project("{8BC9CEB8-8B4A-11D0-8D11-00A0C91BC942}") = "CyEngine", "CyEngine.vcxproj", "{4A669D96-1A62-4628-BA15-9193AB19B808}"
EndProject
Project("{8BC9CEB8-8B4A-11D0-8D11-00A0C91BC942}") = "ModelBase", "Projects\ModelBase\ModelBase.vcxproj", "{CF8E4A07-09E7-42EB-848E-CEDBFF522F77}"
EndProject
Project("{2150E333-8FDC-42A3-9474-1A3956D46DE8}") = "Models", "Models", "{CA87C987-D14B-4005-B2D1-972635F34198}"
EndProject
Project("{2150E333-8FDC-42A3-9474-1A3956D46DE8}") = "Base", "Base", "{C30DB871-9A10-4217-A138-556A3665B279}"
EndProject
Project("{2150E333-8FDC-42A3-9474-1A3956D46DE8}") = "Human", "Human", "{88ED08F4-978E-4B06-AA2C-4915A58B240B}"
EndProject
Project("{8BC9CEB8-8B4A-11D0-8D11-00A0C91BC942}") = "People", "Projects\Models\Human\People\People.vcxproj", "{1BC865BD-985E-4A06-BD4E-6C066F3820FA}"
EndProject
Project("{8BC9CEB8-8B4A-11D0-8D11-00A0C91BC942}") = "EngineController", "Projects\EngineController\EngineController.vcxproj", "{B816131D-98F7-46A2-9BA7-2A6A3921AB4D}"
EndProject
Project("{2150E333-8FDC-42A3-9474-1A3956D46DE8}") = "Tools", "Tools", "{6DCCBDC9-A817-4E22-9500-953FE3E390CB}"
EndProject
Project("{2150E333-8FDC-42A3-9474-1A3956D46DE8}") = "XML_Utils", "XML_Utils", "{218920E7-0F23-4EE5-8BF6-923963EAFEF7}"
EndProject
Project("{8BC9CEB8-8B4A-11D0-8D11-00A0C91BC942}") = "XML_Utils", "Projects\Tools\XML_Utils\XML_Utils.vcxproj", "{6F15D190-9573-4E22-A729-C0E3257E87BC}"
EndProject
Project("{8BC9CEB8-8B4A-11D0-8D11-00A0C91BC942}") = "MyEngineClient", "Projects\MyEngineClient\MyEngineClient.vcxproj", "{6FEE7C23-C800-4F3E-9B4A-46DD71189AD7}"
EndProject
Project("{2150E333-8FDC-42A3-9474-1A3956D46DE8}") = "UAV", "UAV", "{93C45E08-9E0A-4CA0-A999-735336FF6FC6}"
EndProject
Project("{8BC9CEB8-8B4A-11D0-8D11-00A0C91BC942}") = "OpticalAttackUav", "Projects\Models\UAV\OpticalAttackUav\OpticalAttackUav.vcxproj", "{268F912E-C18B-442E-8847-679750C6AA3F}"
EndProject
Project("{2150E333-8FDC-42A3-9474-1A3956D46DE8}") = "Components", "Components", "{6DE54CBA-8DD1-4F52-AAB4-B73D667F403A}"
EndProject
Project("{8BC9CEB8-8B4A-11D0-8D11-00A0C91BC942}") = "ComponentBase", "Projects\ComponentBase\ComponentBase.vcxproj", "{3EA7847B-43BF-4FC4-BDDB-403D45B0351E}"
EndProject
Project("{2150E333-8FDC-42A3-9474-1A3956D46DE8}") = "MoveCom", "MoveCom", "{B1EF098C-FB1A-42CB-B3A7-3D2CF8F64600}"
EndProject
Project("{8BC9CEB8-8B4A-11D0-8D11-00A0C91BC942}") = "CommonUavMoveComponent", "Projects\Components\MoveComponents\CommonUavMoveComponent\CommonUavMoveComponent.vcxproj", "{28E8D481-9C4F-4178-8142-AF03E699F850}"
EndProject
Project("{2150E333-8FDC-42A3-9474-1A3956D46DE8}") = "DetectCom", "DetectCom", "{98A36B39-BB80-4BBB-9948-5CA364579F31}"
EndProject
Project("{8BC9CEB8-8B4A-11D0-8D11-00A0C91BC942}") = "CommonDetectComponent", "Projects\Components\DetectComponents\CommonDetectComponent\CommonDetectComponent.vcxproj", "{DFE9F943-4A75-4657-A0E5-F9917522775F}"
EndProject
Project("{2150E333-8FDC-42A3-9474-1A3956D46DE8}") = "Service", "Service", "{33F3B9FF-2889-4309-81FE-01E96C4BD30F}"
EndProject
Project("{8BC9CEB8-8B4A-11D0-8D11-00A0C91BC942}") = "ServiceInterface", "Projects\Service\ServiceInterface\ServiceInterface.vcxproj", "{B1A24262-9219-424C-9149-C83CB324E1D8}"
EndProject
Project("{8BC9CEB8-8B4A-11D0-8D11-00A0C91BC942}") = "ServiceBase", "Projects\Service\ServiceBase\ServiceBase.vcxproj", "{00334EF3-5FFE-4AA9-B8C0-3A3A15C596D4}"
EndProject
Project("{8BC9CEB8-8B4A-11D0-8D11-00A0C91BC942}") = "ModelManagerService", "Projects\Service\ModelManagerService\ModelManagerService.vcxproj", "{69610341-D89E-4B73-B1E1-757E906FECA9}"
EndProject
Project("{2150E333-8FDC-42A3-9474-1A3956D46DE8}") = "BattleCom", "BattleCom", "{209985B3-F5E8-4749-AFF8-B04657D09439}"
EndProject
Project("{8BC9CEB8-8B4A-11D0-8D11-00A0C91BC942}") = "CommonAttackComponent", "Projects\Components\BattleComponents\CommonAttackComponent\CommonAttackComponent.vcxproj", "{81A4A3FA-EF61-4872-89F7-7BF86C537DC1}"
EndProject
Project("{8BC9CEB8-8B4A-11D0-8D11-00A0C91BC942}") = "BattleAdjustService", "Projects\Service\BattleAdjustService\BattleAdjustService.vcxproj", "{396AEECE-9326-4782-9B4A-257E05C51FCF}"
EndProject
Project("{2150E333-8FDC-42A3-9474-1A3956D46DE8}") = "MapToJsonTool", "MapToJsonTool", "{F79E4738-A799-413F-9EBD-C0F507D5CD12}"
EndProject
Project("{8BC9CEB8-8B4A-11D0-8D11-00A0C91BC942}") = "MapToJson", "Projects\Tools\MapToJson\MapToJson.vcxproj", "{368F98F7-BA04-4EB2-B787-ECA9289FC709}"
EndProject
Project("{2150E333-8FDC-42A3-9474-1A3956D46DE8}") = "ReadWriteShareMemory", "ReadWriteShareMemory", "{16C63493-4DDE-4F52-99BA-E403AE844471}"
EndProject
Project("{8BC9CEB8-8B4A-11D0-8D11-00A0C91BC942}") = "WriteReadShareMemory", "Projects\Tools\WriteReadShareMemory\WriteReadShareMemory.vcxproj", "{A9483A7A-78C9-4779-99DF-C3F6A4C0194C}"
EndProject
Project("{2150E333-8FDC-42A3-9474-1A3956D46DE8}") = "BattleAdjustService", "BattleAdjustService", "{AEC2FA46-EB38-4FE3-BEF0-9B99CA4AFD7C}"
EndProject
Project("{2150E333-8FDC-42A3-9474-1A3956D46DE8}") = "ModelManagerService", "ModelManagerService", "{2AD3EEBF-9E29-4897-AC6E-820EED18C3A6}"
EndProject
Project("{8BC9CEB8-8B4A-11D0-8D11-00A0C91BC942}") = "EventForwardService", "Projects\Service\EventForwardService\EventForwardService.vcxproj", "{CCFDB36C-BE45-4405-8A63-6CDCF6DEF976}"
EndProject
Project("{2150E333-8FDC-42A3-9474-1A3956D46DE8}") = "EventForwardService", "EventForwardService", "{EC8892DE-0395-42DC-A2CF-91C046383E6F}"
EndProject
Project("{2150E333-8FDC-42A3-9474-1A3956D46DE8}") = "Vehicle", "Vehicle", "{9D5519BB-323C-4E07-AAEA-038F35A94774}"
EndProject
Global
	GlobalSection(SolutionConfigurationPlatforms) = preSolution
		Debug|x64 = Debug|x64
		Debug|x86 = Debug|x86
		Release|x64 = Release|x64
		Release|x86 = Release|x86
	EndGlobalSection
	GlobalSection(ProjectConfigurationPlatforms) = postSolution
		{4A669D96-1A62-4628-BA15-9193AB19B808}.Debug|x64.ActiveCfg = Debug|x64
		{4A669D96-1A62-4628-BA15-9193AB19B808}.Debug|x64.Build.0 = Debug|x64
		{4A669D96-1A62-4628-BA15-9193AB19B808}.Debug|x86.ActiveCfg = Debug|Win32
		{4A669D96-1A62-4628-BA15-9193AB19B808}.Debug|x86.Build.0 = Debug|Win32
		{4A669D96-1A62-4628-BA15-9193AB19B808}.Release|x64.ActiveCfg = Release|x64
		{4A669D96-1A62-4628-BA15-9193AB19B808}.Release|x64.Build.0 = Release|x64
		{4A669D96-1A62-4628-BA15-9193AB19B808}.Release|x86.ActiveCfg = Release|Win32
		{4A669D96-1A62-4628-BA15-9193AB19B808}.Release|x86.Build.0 = Release|Win32
		{CF8E4A07-09E7-42EB-848E-CEDBFF522F77}.Debug|x64.ActiveCfg = Debug|x64
		{CF8E4A07-09E7-42EB-848E-CEDBFF522F77}.Debug|x64.Build.0 = Debug|x64
		{CF8E4A07-09E7-42EB-848E-CEDBFF522F77}.Debug|x86.ActiveCfg = Debug|Win32
		{CF8E4A07-09E7-42EB-848E-CEDBFF522F77}.Debug|x86.Build.0 = Debug|Win32
		{CF8E4A07-09E7-42EB-848E-CEDBFF522F77}.Release|x64.ActiveCfg = Release|x64
		{CF8E4A07-09E7-42EB-848E-CEDBFF522F77}.Release|x64.Build.0 = Release|x64
		{CF8E4A07-09E7-42EB-848E-CEDBFF522F77}.Release|x86.ActiveCfg = Release|Win32
		{CF8E4A07-09E7-42EB-848E-CEDBFF522F77}.Release|x86.Build.0 = Release|Win32
		{1BC865BD-985E-4A06-BD4E-6C066F3820FA}.Debug|x64.ActiveCfg = Debug|x64
		{1BC865BD-985E-4A06-BD4E-6C066F3820FA}.Debug|x64.Build.0 = Debug|x64
		{1BC865BD-985E-4A06-BD4E-6C066F3820FA}.Debug|x86.ActiveCfg = Debug|Win32
		{1BC865BD-985E-4A06-BD4E-6C066F3820FA}.Debug|x86.Build.0 = Debug|Win32
		{1BC865BD-985E-4A06-BD4E-6C066F3820FA}.Release|x64.ActiveCfg = Release|x64
		{1BC865BD-985E-4A06-BD4E-6C066F3820FA}.Release|x64.Build.0 = Release|x64
		{1BC865BD-985E-4A06-BD4E-6C066F3820FA}.Release|x86.ActiveCfg = Release|Win32
		{1BC865BD-985E-4A06-BD4E-6C066F3820FA}.Release|x86.Build.0 = Release|Win32
		{B816131D-98F7-46A2-9BA7-2A6A3921AB4D}.Debug|x64.ActiveCfg = Debug|x64
		{B816131D-98F7-46A2-9BA7-2A6A3921AB4D}.Debug|x64.Build.0 = Debug|x64
		{B816131D-98F7-46A2-9BA7-2A6A3921AB4D}.Debug|x86.ActiveCfg = Debug|x64
		{B816131D-98F7-46A2-9BA7-2A6A3921AB4D}.Debug|x86.Build.0 = Debug|x64
		{B816131D-98F7-46A2-9BA7-2A6A3921AB4D}.Release|x64.ActiveCfg = Release|x64
		{B816131D-98F7-46A2-9BA7-2A6A3921AB4D}.Release|x64.Build.0 = Release|x64
		{B816131D-98F7-46A2-9BA7-2A6A3921AB4D}.Release|x86.ActiveCfg = Release|x64
		{B816131D-98F7-46A2-9BA7-2A6A3921AB4D}.Release|x86.Build.0 = Release|x64
		{6F15D190-9573-4E22-A729-C0E3257E87BC}.Debug|x64.ActiveCfg = Debug|x64
		{6F15D190-9573-4E22-A729-C0E3257E87BC}.Debug|x64.Build.0 = Debug|x64
		{6F15D190-9573-4E22-A729-C0E3257E87BC}.Debug|x86.ActiveCfg = Debug|Win32
		{6F15D190-9573-4E22-A729-C0E3257E87BC}.Debug|x86.Build.0 = Debug|Win32
		{6F15D190-9573-4E22-A729-C0E3257E87BC}.Release|x64.ActiveCfg = Release|x64
		{6F15D190-9573-4E22-A729-C0E3257E87BC}.Release|x64.Build.0 = Release|x64
		{6F15D190-9573-4E22-A729-C0E3257E87BC}.Release|x86.ActiveCfg = Release|Win32
		{6F15D190-9573-4E22-A729-C0E3257E87BC}.Release|x86.Build.0 = Release|Win32
		{6FEE7C23-C800-4F3E-9B4A-46DD71189AD7}.Debug|x64.ActiveCfg = Debug|x64
		{6FEE7C23-C800-4F3E-9B4A-46DD71189AD7}.Debug|x64.Build.0 = Debug|x64
		{6FEE7C23-C800-4F3E-9B4A-46DD71189AD7}.Debug|x86.ActiveCfg = Debug|x64
		{6FEE7C23-C800-4F3E-9B4A-46DD71189AD7}.Debug|x86.Build.0 = Debug|x64
		{6FEE7C23-C800-4F3E-9B4A-46DD71189AD7}.Release|x64.ActiveCfg = Release|x64
		{6FEE7C23-C800-4F3E-9B4A-46DD71189AD7}.Release|x64.Build.0 = Release|x64
		{6FEE7C23-C800-4F3E-9B4A-46DD71189AD7}.Release|x86.ActiveCfg = Release|x64
		{6FEE7C23-C800-4F3E-9B4A-46DD71189AD7}.Release|x86.Build.0 = Release|x64
		{268F912E-C18B-442E-8847-679750C6AA3F}.Debug|x64.ActiveCfg = Debug|x64
		{268F912E-C18B-442E-8847-679750C6AA3F}.Debug|x64.Build.0 = Debug|x64
		{268F912E-C18B-442E-8847-679750C6AA3F}.Debug|x86.ActiveCfg = Debug|Win32
		{268F912E-C18B-442E-8847-679750C6AA3F}.Debug|x86.Build.0 = Debug|Win32
		{268F912E-C18B-442E-8847-679750C6AA3F}.Release|x64.ActiveCfg = Release|x64
		{268F912E-C18B-442E-8847-679750C6AA3F}.Release|x64.Build.0 = Release|x64
		{268F912E-C18B-442E-8847-679750C6AA3F}.Release|x86.ActiveCfg = Release|Win32
		{268F912E-C18B-442E-8847-679750C6AA3F}.Release|x86.Build.0 = Release|Win32
		{3EA7847B-43BF-4FC4-BDDB-403D45B0351E}.Debug|x64.ActiveCfg = Debug|x64
		{3EA7847B-43BF-4FC4-BDDB-403D45B0351E}.Debug|x64.Build.0 = Debug|x64
		{3EA7847B-43BF-4FC4-BDDB-403D45B0351E}.Debug|x86.ActiveCfg = Debug|Win32
		{3EA7847B-43BF-4FC4-BDDB-403D45B0351E}.Debug|x86.Build.0 = Debug|Win32
		{3EA7847B-43BF-4FC4-BDDB-403D45B0351E}.Release|x64.ActiveCfg = Release|x64
		{3EA7847B-43BF-4FC4-BDDB-403D45B0351E}.Release|x64.Build.0 = Release|x64
		{3EA7847B-43BF-4FC4-BDDB-403D45B0351E}.Release|x86.ActiveCfg = Release|Win32
		{3EA7847B-43BF-4FC4-BDDB-403D45B0351E}.Release|x86.Build.0 = Release|Win32
		{28E8D481-9C4F-4178-8142-AF03E699F850}.Debug|x64.ActiveCfg = Debug|x64
		{28E8D481-9C4F-4178-8142-AF03E699F850}.Debug|x64.Build.0 = Debug|x64
		{28E8D481-9C4F-4178-8142-AF03E699F850}.Debug|x86.ActiveCfg = Debug|Win32
		{28E8D481-9C4F-4178-8142-AF03E699F850}.Debug|x86.Build.0 = Debug|Win32
		{28E8D481-9C4F-4178-8142-AF03E699F850}.Release|x64.ActiveCfg = Release|x64
		{28E8D481-9C4F-4178-8142-AF03E699F850}.Release|x64.Build.0 = Release|x64
		{28E8D481-9C4F-4178-8142-AF03E699F850}.Release|x86.ActiveCfg = Release|Win32
		{28E8D481-9C4F-4178-8142-AF03E699F850}.Release|x86.Build.0 = Release|Win32
		{DFE9F943-4A75-4657-A0E5-F9917522775F}.Debug|x64.ActiveCfg = Debug|x64
		{DFE9F943-4A75-4657-A0E5-F9917522775F}.Debug|x64.Build.0 = Debug|x64
		{DFE9F943-4A75-4657-A0E5-F9917522775F}.Debug|x86.ActiveCfg = Debug|Win32
		{DFE9F943-4A75-4657-A0E5-F9917522775F}.Debug|x86.Build.0 = Debug|Win32
		{DFE9F943-4A75-4657-A0E5-F9917522775F}.Release|x64.ActiveCfg = Release|x64
		{DFE9F943-4A75-4657-A0E5-F9917522775F}.Release|x64.Build.0 = Release|x64
		{DFE9F943-4A75-4657-A0E5-F9917522775F}.Release|x86.ActiveCfg = Release|Win32
		{DFE9F943-4A75-4657-A0E5-F9917522775F}.Release|x86.Build.0 = Release|Win32
		{B1A24262-9219-424C-9149-C83CB324E1D8}.Debug|x64.ActiveCfg = Debug|x64
		{B1A24262-9219-424C-9149-C83CB324E1D8}.Debug|x64.Build.0 = Debug|x64
		{B1A24262-9219-424C-9149-C83CB324E1D8}.Debug|x86.ActiveCfg = Debug|Win32
		{B1A24262-9219-424C-9149-C83CB324E1D8}.Debug|x86.Build.0 = Debug|Win32
		{B1A24262-9219-424C-9149-C83CB324E1D8}.Release|x64.ActiveCfg = Release|x64
		{B1A24262-9219-424C-9149-C83CB324E1D8}.Release|x64.Build.0 = Release|x64
		{B1A24262-9219-424C-9149-C83CB324E1D8}.Release|x86.ActiveCfg = Release|Win32
		{B1A24262-9219-424C-9149-C83CB324E1D8}.Release|x86.Build.0 = Release|Win32
		{00334EF3-5FFE-4AA9-B8C0-3A3A15C596D4}.Debug|x64.ActiveCfg = Debug|x64
		{00334EF3-5FFE-4AA9-B8C0-3A3A15C596D4}.Debug|x64.Build.0 = Debug|x64
		{00334EF3-5FFE-4AA9-B8C0-3A3A15C596D4}.Debug|x86.ActiveCfg = Debug|Win32
		{00334EF3-5FFE-4AA9-B8C0-3A3A15C596D4}.Debug|x86.Build.0 = Debug|Win32
		{00334EF3-5FFE-4AA9-B8C0-3A3A15C596D4}.Release|x64.ActiveCfg = Release|x64
		{00334EF3-5FFE-4AA9-B8C0-3A3A15C596D4}.Release|x64.Build.0 = Release|x64
		{00334EF3-5FFE-4AA9-B8C0-3A3A15C596D4}.Release|x86.ActiveCfg = Release|Win32
		{00334EF3-5FFE-4AA9-B8C0-3A3A15C596D4}.Release|x86.Build.0 = Release|Win32
		{69610341-D89E-4B73-B1E1-757E906FECA9}.Debug|x64.ActiveCfg = Debug|x64
		{69610341-D89E-4B73-B1E1-757E906FECA9}.Debug|x64.Build.0 = Debug|x64
		{69610341-D89E-4B73-B1E1-757E906FECA9}.Debug|x86.ActiveCfg = Debug|Win32
		{69610341-D89E-4B73-B1E1-757E906FECA9}.Debug|x86.Build.0 = Debug|Win32
		{69610341-D89E-4B73-B1E1-757E906FECA9}.Release|x64.ActiveCfg = Release|x64
		{69610341-D89E-4B73-B1E1-757E906FECA9}.Release|x64.Build.0 = Release|x64
		{69610341-D89E-4B73-B1E1-757E906FECA9}.Release|x86.ActiveCfg = Release|Win32
		{69610341-D89E-4B73-B1E1-757E906FECA9}.Release|x86.Build.0 = Release|Win32
		{81A4A3FA-EF61-4872-89F7-7BF86C537DC1}.Debug|x64.ActiveCfg = Debug|x64
		{81A4A3FA-EF61-4872-89F7-7BF86C537DC1}.Debug|x64.Build.0 = Debug|x64
		{81A4A3FA-EF61-4872-89F7-7BF86C537DC1}.Debug|x86.ActiveCfg = Debug|Win32
		{81A4A3FA-EF61-4872-89F7-7BF86C537DC1}.Debug|x86.Build.0 = Debug|Win32
		{81A4A3FA-EF61-4872-89F7-7BF86C537DC1}.Release|x64.ActiveCfg = Release|x64
		{81A4A3FA-EF61-4872-89F7-7BF86C537DC1}.Release|x64.Build.0 = Release|x64
		{81A4A3FA-EF61-4872-89F7-7BF86C537DC1}.Release|x86.ActiveCfg = Release|Win32
		{81A4A3FA-EF61-4872-89F7-7BF86C537DC1}.Release|x86.Build.0 = Release|Win32
		{396AEECE-9326-4782-9B4A-257E05C51FCF}.Debug|x64.ActiveCfg = Debug|x64
		{396AEECE-9326-4782-9B4A-257E05C51FCF}.Debug|x64.Build.0 = Debug|x64
		{396AEECE-9326-4782-9B4A-257E05C51FCF}.Debug|x86.ActiveCfg = Debug|Win32
		{396AEECE-9326-4782-9B4A-257E05C51FCF}.Debug|x86.Build.0 = Debug|Win32
		{396AEECE-9326-4782-9B4A-257E05C51FCF}.Release|x64.ActiveCfg = Release|x64
		{396AEECE-9326-4782-9B4A-257E05C51FCF}.Release|x64.Build.0 = Release|x64
		{396AEECE-9326-4782-9B4A-257E05C51FCF}.Release|x86.ActiveCfg = Release|Win32
		{396AEECE-9326-4782-9B4A-257E05C51FCF}.Release|x86.Build.0 = Release|Win32
		{368F98F7-BA04-4EB2-B787-ECA9289FC709}.Debug|x64.ActiveCfg = Debug|x64
		{368F98F7-BA04-4EB2-B787-ECA9289FC709}.Debug|x64.Build.0 = Debug|x64
		{368F98F7-BA04-4EB2-B787-ECA9289FC709}.Debug|x86.ActiveCfg = Debug|Win32
		{368F98F7-BA04-4EB2-B787-ECA9289FC709}.Debug|x86.Build.0 = Debug|Win32
		{368F98F7-BA04-4EB2-B787-ECA9289FC709}.Release|x64.ActiveCfg = Release|x64
		{368F98F7-BA04-4EB2-B787-ECA9289FC709}.Release|x64.Build.0 = Release|x64
		{368F98F7-BA04-4EB2-B787-ECA9289FC709}.Release|x86.ActiveCfg = Release|Win32
		{368F98F7-BA04-4EB2-B787-ECA9289FC709}.Release|x86.Build.0 = Release|Win32
		{A9483A7A-78C9-4779-99DF-C3F6A4C0194C}.Debug|x64.ActiveCfg = Debug|x64
		{A9483A7A-78C9-4779-99DF-C3F6A4C0194C}.Debug|x64.Build.0 = Debug|x64
		{A9483A7A-78C9-4779-99DF-C3F6A4C0194C}.Debug|x86.ActiveCfg = Debug|Win32
		{A9483A7A-78C9-4779-99DF-C3F6A4C0194C}.Debug|x86.Build.0 = Debug|Win32
		{A9483A7A-78C9-4779-99DF-C3F6A4C0194C}.Release|x64.ActiveCfg = Release|x64
		{A9483A7A-78C9-4779-99DF-C3F6A4C0194C}.Release|x64.Build.0 = Release|x64
		{A9483A7A-78C9-4779-99DF-C3F6A4C0194C}.Release|x86.ActiveCfg = Release|Win32
		{A9483A7A-78C9-4779-99DF-C3F6A4C0194C}.Release|x86.Build.0 = Release|Win32
		{CCFDB36C-BE45-4405-8A63-6CDCF6DEF976}.Debug|x64.ActiveCfg = Debug|x64
		{CCFDB36C-BE45-4405-8A63-6CDCF6DEF976}.Debug|x64.Build.0 = Debug|x64
		{CCFDB36C-BE45-4405-8A63-6CDCF6DEF976}.Debug|x86.ActiveCfg = Debug|Win32
		{CCFDB36C-BE45-4405-8A63-6CDCF6DEF976}.Debug|x86.Build.0 = Debug|Win32
		{CCFDB36C-BE45-4405-8A63-6CDCF6DEF976}.Release|x64.ActiveCfg = Release|x64
		{CCFDB36C-BE45-4405-8A63-6CDCF6DEF976}.Release|x64.Build.0 = Release|x64
		{CCFDB36C-BE45-4405-8A63-6CDCF6DEF976}.Release|x86.ActiveCfg = Release|Win32
		{CCFDB36C-BE45-4405-8A63-6CDCF6DEF976}.Release|x86.Build.0 = Release|Win32
	EndGlobalSection
	GlobalSection(SolutionProperties) = preSolution
		HideSolutionNode = FALSE
	EndGlobalSection
	GlobalSection(NestedProjects) = preSolution
		{CF8E4A07-09E7-42EB-848E-CEDBFF522F77} = {C30DB871-9A10-4217-A138-556A3665B279}
		{C30DB871-9A10-4217-A138-556A3665B279} = {CA87C987-D14B-4005-B2D1-972635F34198}
		{88ED08F4-978E-4B06-AA2C-4915A58B240B} = {CA87C987-D14B-4005-B2D1-972635F34198}
		{1BC865BD-985E-4A06-BD4E-6C066F3820FA} = {88ED08F4-978E-4B06-AA2C-4915A58B240B}
		{218920E7-0F23-4EE5-8BF6-923963EAFEF7} = {6DCCBDC9-A817-4E22-9500-953FE3E390CB}
		{6F15D190-9573-4E22-A729-C0E3257E87BC} = {218920E7-0F23-4EE5-8BF6-923963EAFEF7}
		{93C45E08-9E0A-4CA0-A999-735336FF6FC6} = {CA87C987-D14B-4005-B2D1-972635F34198}
		{268F912E-C18B-442E-8847-679750C6AA3F} = {93C45E08-9E0A-4CA0-A999-735336FF6FC6}
		{3EA7847B-43BF-4FC4-BDDB-403D45B0351E} = {6DE54CBA-8DD1-4F52-AAB4-B73D667F403A}
		{B1EF098C-FB1A-42CB-B3A7-3D2CF8F64600} = {6DE54CBA-8DD1-4F52-AAB4-B73D667F403A}
		{28E8D481-9C4F-4178-8142-AF03E699F850} = {B1EF098C-FB1A-42CB-B3A7-3D2CF8F64600}
		{98A36B39-BB80-4BBB-9948-5CA364579F31} = {6DE54CBA-8DD1-4F52-AAB4-B73D667F403A}
		{DFE9F943-4A75-4657-A0E5-F9917522775F} = {98A36B39-BB80-4BBB-9948-5CA364579F31}
		{B1A24262-9219-424C-9149-C83CB324E1D8} = {33F3B9FF-2889-4309-81FE-01E96C4BD30F}
		{00334EF3-5FFE-4AA9-B8C0-3A3A15C596D4} = {33F3B9FF-2889-4309-81FE-01E96C4BD30F}
		{69610341-D89E-4B73-B1E1-757E906FECA9} = {2AD3EEBF-9E29-4897-AC6E-820EED18C3A6}
		{209985B3-F5E8-4749-AFF8-B04657D09439} = {6DE54CBA-8DD1-4F52-AAB4-B73D667F403A}
		{81A4A3FA-EF61-4872-89F7-7BF86C537DC1} = {209985B3-F5E8-4749-AFF8-B04657D09439}
		{396AEECE-9326-4782-9B4A-257E05C51FCF} = {AEC2FA46-EB38-4FE3-BEF0-9B99CA4AFD7C}
		{F79E4738-A799-413F-9EBD-C0F507D5CD12} = {6DCCBDC9-A817-4E22-9500-953FE3E390CB}
		{368F98F7-BA04-4EB2-B787-ECA9289FC709} = {F79E4738-A799-413F-9EBD-C0F507D5CD12}
		{16C63493-4DDE-4F52-99BA-E403AE844471} = {6DCCBDC9-A817-4E22-9500-953FE3E390CB}
		{A9483A7A-78C9-4779-99DF-C3F6A4C0194C} = {16C63493-4DDE-4F52-99BA-E403AE844471}
		{AEC2FA46-EB38-4FE3-BEF0-9B99CA4AFD7C} = {33F3B9FF-2889-4309-81FE-01E96C4BD30F}
		{2AD3EEBF-9E29-4897-AC6E-820EED18C3A6} = {33F3B9FF-2889-4309-81FE-01E96C4BD30F}
		{CCFDB36C-BE45-4405-8A63-6CDCF6DEF976} = {EC8892DE-0395-42DC-A2CF-91C046383E6F}
		{EC8892DE-0395-42DC-A2CF-91C046383E6F} = {33F3B9FF-2889-4309-81FE-01E96C4BD30F}
		{9D5519BB-323C-4E07-AAEA-038F35A94774} = {CA87C987-D14B-4005-B2D1-972635F34198}
	EndGlobalSection
	GlobalSection(ExtensibilityGlobals) = postSolution
		SolutionGuid = {6B981499-14F5-490A-8AD5-6E11C58273C3}
	EndGlobalSection
EndGlobal
