
Microsoft Visual Studio Solution File, Format Version 12.00
# Visual Studio Version 17
VisualStudioVersion = 17.6.33723.286
MinimumVisualStudioVersion = 10.0.40219.1
Project("{8BC9CEB8-8B4A-11D0-8D11-00A0C91BC942}") = "CyEngine", "CyEngine.vcxproj", "{4A669D96-1A62-4628-BA15-9193AB19B808}"
EndProject
Project("{8BC9CEB8-8B4A-11D0-8D11-00A0C91BC942}") = "ModelBase", "Projects\ModelBase\ModelBase.vcxproj", "{CF8E4A07-09E7-42EB-848E-CEDBFF522F77}"
EndProject
Project("{2150E333-8FDC-42A3-9474-1A3956D46DE8}") = "Models", "Models", "{CA87C987-D14B-4005-B2D1-972635F34198}"
EndProject
Project("{2150E333-8FDC-42A3-9474-1A3956D46DE8}") = "Base", "Base", "{C30DB871-9A10-4217-A138-556A3665B279}"
EndProject
Project("{2150E333-8FDC-42A3-9474-1A3956D46DE8}") = "Human", "Human", "{88ED08F4-978E-4B06-AA2C-4915A58B240B}"
EndProject
Project("{8BC9CEB8-8B4A-11D0-8D11-00A0C91BC942}") = "People", "Projects\Models\Human\People\People.vcxproj", "{1BC865BD-985E-4A06-BD4E-6C066F3820FA}"
EndProject
Project("{8BC9CEB8-8B4A-11D0-8D11-00A0C91BC942}") = "EngineController", "Projects\EngineController\EngineController.vcxproj", "{B816131D-98F7-46A2-9BA7-2A6A3921AB4D}"
EndProject
Project("{2150E333-8FDC-42A3-9474-1A3956D46DE8}") = "Tools", "Tools", "{6DCCBDC9-A817-4E22-9500-953FE3E390CB}"
EndProject
Project("{2150E333-8FDC-42A3-9474-1A3956D46DE8}") = "XML_Utils", "XML_Utils", "{218920E7-0F23-4EE5-8BF6-923963EAFEF7}"
EndProject
Project("{8BC9CEB8-8B4A-11D0-8D11-00A0C91BC942}") = "XML_Utils", "Projects\Tools\XML_Utils\XML_Utils.vcxproj", "{6F15D190-9573-4E22-A729-C0E3257E87BC}"
EndProject
Project("{8BC9CEB8-8B4A-11D0-8D11-00A0C91BC942}") = "MyEngineClient", "Projects\MyEngineClient\MyEngineClient.vcxproj", "{6FEE7C23-C800-4F3E-9B4A-46DD71189AD7}"
EndProject
Global
	GlobalSection(SolutionConfigurationPlatforms) = preSolution
		Debug|x64 = Debug|x64
		Debug|x86 = Debug|x86
		Release|x64 = Release|x64
		Release|x86 = Release|x86
	EndGlobalSection
	GlobalSection(ProjectConfigurationPlatforms) = postSolution
		{4A669D96-1A62-4628-BA15-9193AB19B808}.Debug|x64.ActiveCfg = Debug|x64
		{4A669D96-1A62-4628-BA15-9193AB19B808}.Debug|x64.Build.0 = Debug|x64
		{4A669D96-1A62-4628-BA15-9193AB19B808}.Debug|x86.ActiveCfg = Debug|Win32
		{4A669D96-1A62-4628-BA15-9193AB19B808}.Debug|x86.Build.0 = Debug|Win32
		{4A669D96-1A62-4628-BA15-9193AB19B808}.Release|x64.ActiveCfg = Release|x64
		{4A669D96-1A62-4628-BA15-9193AB19B808}.Release|x64.Build.0 = Release|x64
		{4A669D96-1A62-4628-BA15-9193AB19B808}.Release|x86.ActiveCfg = Release|Win32
		{4A669D96-1A62-4628-BA15-9193AB19B808}.Release|x86.Build.0 = Release|Win32
		{CF8E4A07-09E7-42EB-848E-CEDBFF522F77}.Debug|x64.ActiveCfg = Debug|x64
		{CF8E4A07-09E7-42EB-848E-CEDBFF522F77}.Debug|x64.Build.0 = Debug|x64
		{CF8E4A07-09E7-42EB-848E-CEDBFF522F77}.Debug|x86.ActiveCfg = Debug|Win32
		{CF8E4A07-09E7-42EB-848E-CEDBFF522F77}.Debug|x86.Build.0 = Debug|Win32
		{CF8E4A07-09E7-42EB-848E-CEDBFF522F77}.Release|x64.ActiveCfg = Release|x64
		{CF8E4A07-09E7-42EB-848E-CEDBFF522F77}.Release|x64.Build.0 = Release|x64
		{CF8E4A07-09E7-42EB-848E-CEDBFF522F77}.Release|x86.ActiveCfg = Release|Win32
		{CF8E4A07-09E7-42EB-848E-CEDBFF522F77}.Release|x86.Build.0 = Release|Win32
		{1BC865BD-985E-4A06-BD4E-6C066F3820FA}.Debug|x64.ActiveCfg = Debug|x64
		{1BC865BD-985E-4A06-BD4E-6C066F3820FA}.Debug|x64.Build.0 = Debug|x64
		{1BC865BD-985E-4A06-BD4E-6C066F3820FA}.Debug|x86.ActiveCfg = Debug|Win32
		{1BC865BD-985E-4A06-BD4E-6C066F3820FA}.Debug|x86.Build.0 = Debug|Win32
		{1BC865BD-985E-4A06-BD4E-6C066F3820FA}.Release|x64.ActiveCfg = Release|x64
		{1BC865BD-985E-4A06-BD4E-6C066F3820FA}.Release|x64.Build.0 = Release|x64
		{1BC865BD-985E-4A06-BD4E-6C066F3820FA}.Release|x86.ActiveCfg = Release|Win32
		{1BC865BD-985E-4A06-BD4E-6C066F3820FA}.Release|x86.Build.0 = Release|Win32
		{B816131D-98F7-46A2-9BA7-2A6A3921AB4D}.Debug|x64.ActiveCfg = Debug|x64
		{B816131D-98F7-46A2-9BA7-2A6A3921AB4D}.Debug|x64.Build.0 = Debug|x64
		{B816131D-98F7-46A2-9BA7-2A6A3921AB4D}.Debug|x86.ActiveCfg = Debug|x64
		{B816131D-98F7-46A2-9BA7-2A6A3921AB4D}.Debug|x86.Build.0 = Debug|x64
		{B816131D-98F7-46A2-9BA7-2A6A3921AB4D}.Release|x64.ActiveCfg = Release|x64
		{B816131D-98F7-46A2-9BA7-2A6A3921AB4D}.Release|x64.Build.0 = Release|x64
		{B816131D-98F7-46A2-9BA7-2A6A3921AB4D}.Release|x86.ActiveCfg = Release|x64
		{B816131D-98F7-46A2-9BA7-2A6A3921AB4D}.Release|x86.Build.0 = Release|x64
		{6F15D190-9573-4E22-A729-C0E3257E87BC}.Debug|x64.ActiveCfg = Debug|x64
		{6F15D190-9573-4E22-A729-C0E3257E87BC}.Debug|x64.Build.0 = Debug|x64
		{6F15D190-9573-4E22-A729-C0E3257E87BC}.Debug|x86.ActiveCfg = Debug|Win32
		{6F15D190-9573-4E22-A729-C0E3257E87BC}.Debug|x86.Build.0 = Debug|Win32
		{6F15D190-9573-4E22-A729-C0E3257E87BC}.Release|x64.ActiveCfg = Release|x64
		{6F15D190-9573-4E22-A729-C0E3257E87BC}.Release|x64.Build.0 = Release|x64
		{6F15D190-9573-4E22-A729-C0E3257E87BC}.Release|x86.ActiveCfg = Release|Win32
		{6F15D190-9573-4E22-A729-C0E3257E87BC}.Release|x86.Build.0 = Release|Win32
		{6FEE7C23-C800-4F3E-9B4A-46DD71189AD7}.Debug|x64.ActiveCfg = Debug|x64
		{6FEE7C23-C800-4F3E-9B4A-46DD71189AD7}.Debug|x64.Build.0 = Debug|x64
		{6FEE7C23-C800-4F3E-9B4A-46DD71189AD7}.Debug|x86.ActiveCfg = Debug|x64
		{6FEE7C23-C800-4F3E-9B4A-46DD71189AD7}.Debug|x86.Build.0 = Debug|x64
		{6FEE7C23-C800-4F3E-9B4A-46DD71189AD7}.Release|x64.ActiveCfg = Release|x64
		{6FEE7C23-C800-4F3E-9B4A-46DD71189AD7}.Release|x64.Build.0 = Release|x64
		{6FEE7C23-C800-4F3E-9B4A-46DD71189AD7}.Release|x86.ActiveCfg = Release|x64
		{6FEE7C23-C800-4F3E-9B4A-46DD71189AD7}.Release|x86.Build.0 = Release|x64
	EndGlobalSection
	GlobalSection(SolutionProperties) = preSolution
		HideSolutionNode = FALSE
	EndGlobalSection
	GlobalSection(NestedProjects) = preSolution
		{CF8E4A07-09E7-42EB-848E-CEDBFF522F77} = {C30DB871-9A10-4217-A138-556A3665B279}
		{C30DB871-9A10-4217-A138-556A3665B279} = {CA87C987-D14B-4005-B2D1-972635F34198}
		{88ED08F4-978E-4B06-AA2C-4915A58B240B} = {CA87C987-D14B-4005-B2D1-972635F34198}
		{1BC865BD-985E-4A06-BD4E-6C066F3820FA} = {88ED08F4-978E-4B06-AA2C-4915A58B240B}
		{218920E7-0F23-4EE5-8BF6-923963EAFEF7} = {6DCCBDC9-A817-4E22-9500-953FE3E390CB}
		{6F15D190-9573-4E22-A729-C0E3257E87BC} = {218920E7-0F23-4EE5-8BF6-923963EAFEF7}
	EndGlobalSection
	GlobalSection(ExtensibilityGlobals) = postSolution
		SolutionGuid = {6B981499-14F5-490A-8AD5-6E11C58273C3}
	EndGlobalSection
EndGlobal
