
Microsoft Visual Studio Solution File, Format Version 12.00
# Visual Studio Version 17
VisualStudioVersion = 17.6.33723.286
MinimumVisualStudioVersion = 10.0.40219.1
Project("{8BC9CEB8-8B4A-11D0-8D11-00A0C91BC942}") = "CyEngine", "CyEngine.vcxproj", "{4A669D96-1A62-4628-BA15-9193AB19B808}"
EndProject
Project("{8BC9CEB8-8B4A-11D0-8D11-00A0C91BC942}") = "EngineController", "Projects\EngineController\EngineController.vcxproj", "{0BEB5CF5-701A-4722-A270-AF69E8C5F575}"
EndProject
Global
	GlobalSection(SolutionConfigurationPlatforms) = preSolution
		Debug|x64 = Debug|x64
		Debug|x86 = Debug|x86
		Release|x64 = Release|x64
		Release|x86 = Release|x86
	EndGlobalSection
	GlobalSection(ProjectConfigurationPlatforms) = postSolution
		{4A669D96-1A62-4628-BA15-9193AB19B808}.Debug|x64.ActiveCfg = Debug|x64
		{4A669D96-1A62-4628-BA15-9193AB19B808}.Debug|x64.Build.0 = Debug|x64
		{4A669D96-1A62-4628-BA15-9193AB19B808}.Debug|x86.ActiveCfg = Debug|Win32
		{4A669D96-1A62-4628-BA15-9193AB19B808}.Debug|x86.Build.0 = Debug|Win32
		{4A669D96-1A62-4628-BA15-9193AB19B808}.Release|x64.ActiveCfg = Release|x64
		{4A669D96-1A62-4628-BA15-9193AB19B808}.Release|x64.Build.0 = Release|x64
		{4A669D96-1A62-4628-BA15-9193AB19B808}.Release|x86.ActiveCfg = Release|Win32
		{4A669D96-1A62-4628-BA15-9193AB19B808}.Release|x86.Build.0 = Release|Win32
		{0BEB5CF5-701A-4722-A270-AF69E8C5F575}.Debug|x64.ActiveCfg = Debug|x64
		{0BEB5CF5-701A-4722-A270-AF69E8C5F575}.Debug|x64.Build.0 = Debug|x64
		{0BEB5CF5-701A-4722-A270-AF69E8C5F575}.Debug|x86.ActiveCfg = Debug|x64
		{0BEB5CF5-701A-4722-A270-AF69E8C5F575}.Debug|x86.Build.0 = Debug|x64
		{0BEB5CF5-701A-4722-A270-AF69E8C5F575}.Release|x64.ActiveCfg = Release|x64
		{0BEB5CF5-701A-4722-A270-AF69E8C5F575}.Release|x64.Build.0 = Release|x64
		{0BEB5CF5-701A-4722-A270-AF69E8C5F575}.Release|x86.ActiveCfg = Release|x64
		{0BEB5CF5-701A-4722-A270-AF69E8C5F575}.Release|x86.Build.0 = Release|x64
	EndGlobalSection
	GlobalSection(SolutionProperties) = preSolution
		HideSolutionNode = FALSE
	EndGlobalSection
	GlobalSection(ExtensibilityGlobals) = postSolution
		SolutionGuid = {6B981499-14F5-490A-8AD5-6E11C58273C3}
	EndGlobalSection
EndGlobal
